# THIS IS AN AUTOGENERATED FILE. DO NOT EDIT THIS FILE DIRECTLY.
# yarn lockfile v1


tshkt@0.1.1:
  version "0.1.1"
  resolved "https://registry.yarnpkg.com/tshkt/-/tshkt-0.1.1.tgz#c1bae34cba9b3a98c9359c412496846b16cdc611"
  integrity sha512-mp5+QXZFx2gLgNJJn6RkvDuJSHl9y6HaZktiefg/28gpNpoOn32Q8c5xkoNe0pzDJHKYMQYS//G6OD1DlbiDDw==

typescript@next:
  version "3.5.0-dev.20190424"
  resolved "https://registry.yarnpkg.com/typescript/-/typescript-3.5.0-dev.20190424.tgz#9087472c3396785903cc215c1a780d24227a5d4c"
  integrity sha512-qjTuF/tIGS9RqvXxzz4XKr2TgzyKC457wtEHtEUhrUB2Kdb9HczrNOVQaFh1oNLLOBDHus3oqhzvYDxdLTnGBw==
