# THIS IS AN AUTOGENERATED FILE. DO NOT EDIT THIS FILE DIRECTLY.
# yarn lockfile v1


tshkt@0.1.1:
  version "0.1.1"
  resolved "https://registry.yarnpkg.com/tshkt/-/tshkt-0.1.1.tgz#c1bae34cba9b3a98c9359c412496846b16cdc611"
  integrity sha512-mp5+QXZFx2gLgNJJn6RkvDuJSHl9y6HaZktiefg/28gpNpoOn32Q8c5xkoNe0pzDJHKYMQYS//G6OD1DlbiDDw==

typescript@^3.5.0-dev.20190426:
  version "3.5.0-dev.20190426"
  resolved "https://registry.yarnpkg.com/typescript/-/typescript-3.5.0-dev.20190426.tgz#fa33976c3c880771ec079be30d94220c38ec86d0"
  integrity sha512-2slZ9/XvUzKj6zWPE/fLiCjzs1qVL6jADcbLXMeRS6wfOA5FZJT3upjkeT8pXfF2Y1V9c6Avypbfjnp35r7RfQ==
